
Microsoft Visual Studio Solution File, Format Version 12.00
# Visual Studio 15
VisualStudioVersion = 15.0.26430.12
MinimumVisualStudioVersion = 10.0.40219.1
Project("{FAE04EC0-301F-11D3-BF4B-00C04F79EFBC}") = "2-03 Hello Append", "2-03 Hello Append\2-03 Hello Append.csproj", "{B9C68550-B16C-4A1C-9371-DA8F612A0D41}"
EndProject
Global
	GlobalSection(SolutionConfigurationPlatforms) = preSolution
		Debug|Any CPU = Debug|Any CPU
		Release|Any CPU = Release|Any CPU
	EndGlobalSection
	GlobalSection(ProjectConfigurationPlatforms) = postSolution
		{B9C68550-B16C-4A1C-9371-DA8F612A0D41}.Debug|Any CPU.ActiveCfg = Debug|Any CPU
		{B9C68550-B16C-4A1C-9371-DA8F612A0D41}.Debug|Any CPU.Build.0 = Debug|Any CPU
		{B9C68550-B16C-4A1C-9371-DA8F612A0D41}.Release|Any CPU.ActiveCfg = Release|Any CPU
		{B9C68550-B16C-4A1C-9371-DA8F612A0D41}.Release|Any CPU.Build.0 = Release|Any CPU
	EndGlobalSection
	GlobalSection(SolutionProperties) = preSolution
		HideSolutionNode = FALSE
	EndGlobalSection
EndGlobal
